
Microsoft Visual Studio Solution File, Format Version 12.00
# Visual Studio Version 16
VisualStudioVersion = 16.0.30413.136
MinimumVisualStudioVersion = 10.0.40219.1
Project("{FAE04EC0-301F-11D3-BF4B-00C04F79EFBC}") = "proyectoCriptografia2021", "proyectoCriptografia2021\proyectoCriptografia2021.csproj", "{0F6E7F06-697C-4F36-BEA3-DF70DD8A21A2}"
EndProject
Global
	GlobalSection(SolutionConfigurationPlatforms) = preSolution
		Debug|Any CPU = Debug|Any CPU
		Release|Any CPU = Release|Any CPU
	EndGlobalSection
	GlobalSection(ProjectConfigurationPlatforms) = postSolution
		{0F6E7F06-697C-4F36-BEA3-DF70DD8A21A2}.Debug|Any CPU.ActiveCfg = Debug|Any CPU
		{0F6E7F06-697C-4F36-BEA3-DF70DD8A21A2}.Debug|Any CPU.Build.0 = Debug|Any CPU
		{0F6E7F06-697C-4F36-BEA3-DF70DD8A21A2}.Release|Any CPU.ActiveCfg = Release|Any CPU
		{0F6E7F06-697C-4F36-BEA3-DF70DD8A21A2}.Release|Any CPU.Build.0 = Release|Any CPU
	EndGlobalSection
	GlobalSection(SolutionProperties) = preSolution
		HideSolutionNode = FALSE
	EndGlobalSection
	GlobalSection(ExtensibilityGlobals) = postSolution
		SolutionGuid = {8C2BF44F-ACA2-40AF-814D-F7AB9028ACFF}
	EndGlobalSection
EndGlobal
